
Microsoft Visual Studio Solution File, Format Version 12.00
# Visual Studio 15
VisualStudioVersion = 15.0.28307.705
MinimumVisualStudioVersion = 10.0.40219.1
Project("{FAE04EC0-301F-11D3-BF4B-00C04F79EFBC}") = "Task1", "Task1\Task1.csproj", "{09320EF2-6AA0-4345-81AC-7BFF4D6DD6AA}"
EndProject
Project("{FAE04EC0-301F-11D3-BF4B-00C04F79EFBC}") = "Task2", "Task2\Task2.csproj", "{EA3711A7-FF3F-4368-B2D5-DC65B8E089F7}"
EndProject
Project("{FAE04EC0-301F-11D3-BF4B-00C04F79EFBC}") = "Task3", "Task3\Task3.csproj", "{6603A0CF-A2FE-485C-8232-3506B582E032}"
EndProject
Global
	GlobalSection(SolutionConfigurationPlatforms) = preSolution
		Debug|Any CPU = Debug|Any CPU
		Release|Any CPU = Release|Any CPU
	EndGlobalSection
	GlobalSection(ProjectConfigurationPlatforms) = postSolution
		{09320EF2-6AA0-4345-81AC-7BFF4D6DD6AA}.Debug|Any CPU.ActiveCfg = Debug|Any CPU
		{09320EF2-6AA0-4345-81AC-7BFF4D6DD6AA}.Debug|Any CPU.Build.0 = Debug|Any CPU
		{09320EF2-6AA0-4345-81AC-7BFF4D6DD6AA}.Release|Any CPU.ActiveCfg = Release|Any CPU
		{09320EF2-6AA0-4345-81AC-7BFF4D6DD6AA}.Release|Any CPU.Build.0 = Release|Any CPU
		{EA3711A7-FF3F-4368-B2D5-DC65B8E089F7}.Debug|Any CPU.ActiveCfg = Debug|Any CPU
		{EA3711A7-FF3F-4368-B2D5-DC65B8E089F7}.Debug|Any CPU.Build.0 = Debug|Any CPU
		{EA3711A7-FF3F-4368-B2D5-DC65B8E089F7}.Release|Any CPU.ActiveCfg = Release|Any CPU
		{EA3711A7-FF3F-4368-B2D5-DC65B8E089F7}.Release|Any CPU.Build.0 = Release|Any CPU
		{6603A0CF-A2FE-485C-8232-3506B582E032}.Debug|Any CPU.ActiveCfg = Debug|Any CPU
		{6603A0CF-A2FE-485C-8232-3506B582E032}.Debug|Any CPU.Build.0 = Debug|Any CPU
		{6603A0CF-A2FE-485C-8232-3506B582E032}.Release|Any CPU.ActiveCfg = Release|Any CPU
		{6603A0CF-A2FE-485C-8232-3506B582E032}.Release|Any CPU.Build.0 = Release|Any CPU
	EndGlobalSection
	GlobalSection(SolutionProperties) = preSolution
		HideSolutionNode = FALSE
	EndGlobalSection
	GlobalSection(ExtensibilityGlobals) = postSolution
		SolutionGuid = {4EDC5F16-C636-4F7E-B645-74EDB6B61724}
	EndGlobalSection
EndGlobal
