
Microsoft Visual Studio Solution File, Format Version 12.00
# Visual Studio 15
VisualStudioVersion = 15.0.28307.705
MinimumVisualStudioVersion = 10.0.40219.1
Project("{FAE04EC0-301F-11D3-BF4B-00C04F79EFBC}") = "Task1", "Generics\Task1.csproj", "{249007F6-A6A2-45DD-895C-2E59EBC02CC9}"
EndProject
Project("{FAE04EC0-301F-11D3-BF4B-00C04F79EFBC}") = "Task2", "Task2\Task2.csproj", "{A337548E-2241-41AA-8286-B6854088A85A}"
EndProject
Global
	GlobalSection(SolutionConfigurationPlatforms) = preSolution
		Debug|Any CPU = Debug|Any CPU
		Release|Any CPU = Release|Any CPU
	EndGlobalSection
	GlobalSection(ProjectConfigurationPlatforms) = postSolution
		{249007F6-A6A2-45DD-895C-2E59EBC02CC9}.Debug|Any CPU.ActiveCfg = Debug|Any CPU
		{249007F6-A6A2-45DD-895C-2E59EBC02CC9}.Debug|Any CPU.Build.0 = Debug|Any CPU
		{249007F6-A6A2-45DD-895C-2E59EBC02CC9}.Release|Any CPU.ActiveCfg = Release|Any CPU
		{249007F6-A6A2-45DD-895C-2E59EBC02CC9}.Release|Any CPU.Build.0 = Release|Any CPU
		{A337548E-2241-41AA-8286-B6854088A85A}.Debug|Any CPU.ActiveCfg = Debug|Any CPU
		{A337548E-2241-41AA-8286-B6854088A85A}.Debug|Any CPU.Build.0 = Debug|Any CPU
		{A337548E-2241-41AA-8286-B6854088A85A}.Release|Any CPU.ActiveCfg = Release|Any CPU
		{A337548E-2241-41AA-8286-B6854088A85A}.Release|Any CPU.Build.0 = Release|Any CPU
	EndGlobalSection
	GlobalSection(SolutionProperties) = preSolution
		HideSolutionNode = FALSE
	EndGlobalSection
	GlobalSection(ExtensibilityGlobals) = postSolution
		SolutionGuid = {E25A7BB9-DD9F-41CD-AF7C-F6DFC6214829}
	EndGlobalSection
EndGlobal
